
Microsoft Visual Studio Solution File, Format Version 12.00
# Visual Studio Version 17
VisualStudioVersion = 17.0.32014.148
MinimumVisualStudioVersion = 10.0.40219.1
Project("{9A19103F-16F7-4668-BE54-9A1E7A4F7556}") = "Kapok.View.Wpf", "src\Kapok.View.Wpf\Kapok.View.Wpf.csproj", "{1A8EF081-227D-4E01-A611-74D2DA05C942}"
EndProject
Project("{9A19103F-16F7-4668-BE54-9A1E7A4F7556}") = "Infralution.Localization.Wpf", "src\Infralution.Localization.Wpf\Infralution.Localization.Wpf.csproj", "{E3D700D5-BDFB-4777-8E9C-53E8F943AC58}"
EndProject
Project("{9A19103F-16F7-4668-BE54-9A1E7A4F7556}") = "Kapok.View.Wpf.AvalonDock", "src\Kapok.View.Wpf.AvalonDock\Kapok.View.Wpf.AvalonDock.csproj", "{821D0A31-38B5-4536-9FE7-B771A167702C}"
EndProject
Project("{2150E333-8FDC-42A3-9474-1A3956D46DE8}") = "External", "External", "{5832E474-15E0-4FC3-96EC-AE84EFFB9563}"
EndProject
Project("{9A19103F-16F7-4668-BE54-9A1E7A4F7556}") = "MimeTypes", "src\MimeTypeMap\MimeTypes.csproj", "{C2E49A96-CCED-42CD-AE8B-A56B489A2F4E}"
EndProject
Project("{2150E333-8FDC-42A3-9474-1A3956D46DE8}") = "TestApps", "TestApps", "{A756DC82-1FAC-48F7-AC10-6945B455E20C}"
EndProject
Project("{9A19103F-16F7-4668-BE54-9A1E7A4F7556}") = "ToDoWpfApp", "src\ToDoWpfApp\ToDoWpfApp.csproj", "{593A513B-E58E-4981-BE81-58B5C3BC5F30}"
EndProject
Project("{FAE04EC0-301F-11D3-BF4B-00C04F79EFBC}") = "Kapok.View.Wpf.UnitTest", "src\Kapok.View.Wpf.UnitTest\Kapok.View.Wpf.UnitTest.csproj", "{1B5BB7C0-FC66-44B4-98CA-75D545ED96B9}"
EndProject
Global
	GlobalSection(SolutionConfigurationPlatforms) = preSolution
		Debug|Any CPU = Debug|Any CPU
		Release|Any CPU = Release|Any CPU
	EndGlobalSection
	GlobalSection(ProjectConfigurationPlatforms) = postSolution
		{1A8EF081-227D-4E01-A611-74D2DA05C942}.Debug|Any CPU.ActiveCfg = Debug|Any CPU
		{1A8EF081-227D-4E01-A611-74D2DA05C942}.Debug|Any CPU.Build.0 = Debug|Any CPU
		{1A8EF081-227D-4E01-A611-74D2DA05C942}.Release|Any CPU.ActiveCfg = Release|Any CPU
		{1A8EF081-227D-4E01-A611-74D2DA05C942}.Release|Any CPU.Build.0 = Release|Any CPU
		{E3D700D5-BDFB-4777-8E9C-53E8F943AC58}.Debug|Any CPU.ActiveCfg = Debug|Any CPU
		{E3D700D5-BDFB-4777-8E9C-53E8F943AC58}.Debug|Any CPU.Build.0 = Debug|Any CPU
		{E3D700D5-BDFB-4777-8E9C-53E8F943AC58}.Release|Any CPU.ActiveCfg = Release|Any CPU
		{E3D700D5-BDFB-4777-8E9C-53E8F943AC58}.Release|Any CPU.Build.0 = Release|Any CPU
		{821D0A31-38B5-4536-9FE7-B771A167702C}.Debug|Any CPU.ActiveCfg = Debug|Any CPU
		{821D0A31-38B5-4536-9FE7-B771A167702C}.Debug|Any CPU.Build.0 = Debug|Any CPU
		{821D0A31-38B5-4536-9FE7-B771A167702C}.Release|Any CPU.ActiveCfg = Release|Any CPU
		{821D0A31-38B5-4536-9FE7-B771A167702C}.Release|Any CPU.Build.0 = Release|Any CPU
		{C2E49A96-CCED-42CD-AE8B-A56B489A2F4E}.Debug|Any CPU.ActiveCfg = Debug|Any CPU
		{C2E49A96-CCED-42CD-AE8B-A56B489A2F4E}.Debug|Any CPU.Build.0 = Debug|Any CPU
		{C2E49A96-CCED-42CD-AE8B-A56B489A2F4E}.Release|Any CPU.ActiveCfg = Release|Any CPU
		{C2E49A96-CCED-42CD-AE8B-A56B489A2F4E}.Release|Any CPU.Build.0 = Release|Any CPU
		{593A513B-E58E-4981-BE81-58B5C3BC5F30}.Debug|Any CPU.ActiveCfg = Debug|Any CPU
		{593A513B-E58E-4981-BE81-58B5C3BC5F30}.Debug|Any CPU.Build.0 = Debug|Any CPU
		{593A513B-E58E-4981-BE81-58B5C3BC5F30}.Release|Any CPU.ActiveCfg = Release|Any CPU
		{593A513B-E58E-4981-BE81-58B5C3BC5F30}.Release|Any CPU.Build.0 = Release|Any CPU
		{1B5BB7C0-FC66-44B4-98CA-75D545ED96B9}.Debug|Any CPU.ActiveCfg = Debug|Any CPU
		{1B5BB7C0-FC66-44B4-98CA-75D545ED96B9}.Debug|Any CPU.Build.0 = Debug|Any CPU
		{1B5BB7C0-FC66-44B4-98CA-75D545ED96B9}.Release|Any CPU.ActiveCfg = Release|Any CPU
		{1B5BB7C0-FC66-44B4-98CA-75D545ED96B9}.Release|Any CPU.Build.0 = Release|Any CPU
	EndGlobalSection
	GlobalSection(SolutionProperties) = preSolution
		HideSolutionNode = FALSE
	EndGlobalSection
	GlobalSection(NestedProjects) = preSolution
		{E3D700D5-BDFB-4777-8E9C-53E8F943AC58} = {5832E474-15E0-4FC3-96EC-AE84EFFB9563}
		{C2E49A96-CCED-42CD-AE8B-A56B489A2F4E} = {5832E474-15E0-4FC3-96EC-AE84EFFB9563}
		{593A513B-E58E-4981-BE81-58B5C3BC5F30} = {A756DC82-1FAC-48F7-AC10-6945B455E20C}
	EndGlobalSection
	GlobalSection(ExtensibilityGlobals) = postSolution
		SolutionGuid = {465AC56B-9B47-46FB-9DF7-4F07097969E0}
	EndGlobalSection
EndGlobal
